
Microsoft Visual Studio Solution File, Format Version 12.00
# Visual Studio Version 17
VisualStudioVersion = 17.14.36623.8 d17.14
MinimumVisualStudioVersion = 10.0.40219.1
Project("{FAE04EC0-301F-11D3-BF4B-00C04F79EFBC}") = "reversi", "reversi\reversi.csproj", "{23AF0C9F-EE89-488E-8E51-AECCA2D8E869}"
EndProject
Global
	GlobalSection(SolutionConfigurationPlatforms) = preSolution
		Debug|Any CPU = Debug|Any CPU
		Release|Any CPU = Release|Any CPU
	EndGlobalSection
	GlobalSection(ProjectConfigurationPlatforms) = postSolution
		{23AF0C9F-EE89-488E-8E51-AECCA2D8E869}.Debug|Any CPU.ActiveCfg = Debug|Any CPU
		{23AF0C9F-EE89-488E-8E51-AECCA2D8E869}.Debug|Any CPU.Build.0 = Debug|Any CPU
		{23AF0C9F-EE89-488E-8E51-AECCA2D8E869}.Release|Any CPU.ActiveCfg = Release|Any CPU
		{23AF0C9F-EE89-488E-8E51-AECCA2D8E869}.Release|Any CPU.Build.0 = Release|Any CPU
	EndGlobalSection
	GlobalSection(SolutionProperties) = preSolution
		HideSolutionNode = FALSE
	EndGlobalSection
	GlobalSection(ExtensibilityGlobals) = postSolution
		SolutionGuid = {65B244C7-00DD-4F50-B09D-7C313FDFBDF1}
	EndGlobalSection
EndGlobal
